
Microsoft Visual Studio Solution File, Format Version 12.00
# Visual Studio Version 17
VisualStudioVersion = 17.0.32014.148
MinimumVisualStudioVersion = 10.0.40219.1
Project("{2150E333-8FDC-42A3-9474-1A3956D46DE8}") = "Solution Items", "Solution Items", "{8DFA4399-E99E-45CF-AED3-71FDF178798D}"
	ProjectSection(SolutionItems) = preProject
		Directory.Build.props = Directory.Build.props
		Directory.Build.targets = Directory.Build.targets
		Directory.Packages.props = Directory.Packages.props
	EndProjectSection
EndProject
Project("{FAE04EC0-301F-11D3-BF4B-00C04F79EFBC}") = "OpenVision.Client", "src\OpenVision.Client\OpenVision.Client.csproj", "{A476F585-89CC-4B13-A66B-8B937B0F0D53}"
EndProject
Project("{FAE04EC0-301F-11D3-BF4B-00C04F79EFBC}") = "OpenVision.Server", "src\OpenVision.Server\OpenVision.Server.csproj", "{7369E2C7-B0E5-4DD5-926D-FA32C599BCD5}"
EndProject
Project("{E53339B2-1760-4266-BCC7-CA923CBCF16C}") = "docker-compose", "docker-compose.dcproj", "{A5CFEB23-1FEB-452E-9119-8FAD31388112}"
EndProject
Project("{FAE04EC0-301F-11D3-BF4B-00C04F79EFBC}") = "ARSounds.Aspire.AppHost", "src\ARSounds.Aspire.AppHost\ARSounds.Aspire.AppHost.csproj", "{700C3ED7-CF80-4496-A55A-6A9F01A81AEC}"
EndProject
Project("{FAE04EC0-301F-11D3-BF4B-00C04F79EFBC}") = "ARSounds.Server.Core", "src\ARSounds.Server.Core\ARSounds.Server.Core.csproj", "{9494CA28-663F-4CA7-BDD0-7AF4C0A5A34E}"
EndProject
Project("{FAE04EC0-301F-11D3-BF4B-00C04F79EFBC}") = "ARSounds.Server.EntityFramework", "src\ARSounds.Server.EntityFramework\ARSounds.Server.EntityFramework.csproj", "{7551FEDF-114C-4002-8BCF-2EE68988C9E9}"
EndProject
Project("{FAE04EC0-301F-11D3-BF4B-00C04F79EFBC}") = "ARSounds.Server.EntityFramework.MySql", "src\ARSounds.Server.EntityFramework.MySql\ARSounds.Server.EntityFramework.MySql.csproj", "{91D8BC37-62DC-4842-A94F-DB7EAA5C9D96}"
EndProject
Project("{FAE04EC0-301F-11D3-BF4B-00C04F79EFBC}") = "ARSounds.Server.EntityFramework.PostgreSQL", "src\ARSounds.Server.EntityFramework.PostgreSQL\ARSounds.Server.EntityFramework.PostgreSQL.csproj", "{551219D5-ADD7-49A3-BEAD-2C0A91D941C2}"
EndProject
Project("{FAE04EC0-301F-11D3-BF4B-00C04F79EFBC}") = "ARSounds.Server.EntityFramework.SqlServer", "src\ARSounds.Server.EntityFramework.SqlServer\ARSounds.Server.EntityFramework.SqlServer.csproj", "{80AC6BC7-BD43-49AD-A6A0-6DF3EB996278}"
EndProject
Project("{FAE04EC0-301F-11D3-BF4B-00C04F79EFBC}") = "ARSounds.ServiceDefaults", "src\ARSounds.ServiceDefaults\ARSounds.ServiceDefaults.csproj", "{EF5011D3-2163-4B17-A053-B4863C60E814}"
EndProject
Project("{54A90642-561A-4BB1-A94E-469ADEE60C69}") = "arsounds.web.app.client", "src\arsounds.web.app.client\arsounds.web.app.client.esproj", "{1E6B3C8A-64F3-4D45-92DF-8F9C348E8010}"
EndProject
Project("{FAE04EC0-301F-11D3-BF4B-00C04F79EFBC}") = "ARSounds.Web.App.Server", "src\ARSounds.Web.App.Server\ARSounds.Web.App.Server.csproj", "{08A1318D-7583-4062-A683-E28925DEE0ED}"
EndProject
Global
	GlobalSection(SolutionConfigurationPlatforms) = preSolution
		Debug|Any CPU = Debug|Any CPU
		Release|Any CPU = Release|Any CPU
	EndGlobalSection
	GlobalSection(ProjectConfigurationPlatforms) = postSolution
		{A476F585-89CC-4B13-A66B-8B937B0F0D53}.Debug|Any CPU.ActiveCfg = Debug|Any CPU
		{A476F585-89CC-4B13-A66B-8B937B0F0D53}.Debug|Any CPU.Build.0 = Debug|Any CPU
		{A476F585-89CC-4B13-A66B-8B937B0F0D53}.Release|Any CPU.ActiveCfg = Release|Any CPU
		{A476F585-89CC-4B13-A66B-8B937B0F0D53}.Release|Any CPU.Build.0 = Release|Any CPU
		{7369E2C7-B0E5-4DD5-926D-FA32C599BCD5}.Debug|Any CPU.ActiveCfg = Debug|Any CPU
		{7369E2C7-B0E5-4DD5-926D-FA32C599BCD5}.Debug|Any CPU.Build.0 = Debug|Any CPU
		{7369E2C7-B0E5-4DD5-926D-FA32C599BCD5}.Release|Any CPU.ActiveCfg = Release|Any CPU
		{7369E2C7-B0E5-4DD5-926D-FA32C599BCD5}.Release|Any CPU.Build.0 = Release|Any CPU
		{A5CFEB23-1FEB-452E-9119-8FAD31388112}.Debug|Any CPU.ActiveCfg = Debug|Any CPU
		{A5CFEB23-1FEB-452E-9119-8FAD31388112}.Debug|Any CPU.Build.0 = Debug|Any CPU
		{A5CFEB23-1FEB-452E-9119-8FAD31388112}.Release|Any CPU.ActiveCfg = Release|Any CPU
		{A5CFEB23-1FEB-452E-9119-8FAD31388112}.Release|Any CPU.Build.0 = Release|Any CPU
		{700C3ED7-CF80-4496-A55A-6A9F01A81AEC}.Debug|Any CPU.ActiveCfg = Debug|Any CPU
		{700C3ED7-CF80-4496-A55A-6A9F01A81AEC}.Debug|Any CPU.Build.0 = Debug|Any CPU
		{700C3ED7-CF80-4496-A55A-6A9F01A81AEC}.Release|Any CPU.ActiveCfg = Release|Any CPU
		{700C3ED7-CF80-4496-A55A-6A9F01A81AEC}.Release|Any CPU.Build.0 = Release|Any CPU
		{9494CA28-663F-4CA7-BDD0-7AF4C0A5A34E}.Debug|Any CPU.ActiveCfg = Debug|Any CPU
		{9494CA28-663F-4CA7-BDD0-7AF4C0A5A34E}.Debug|Any CPU.Build.0 = Debug|Any CPU
		{9494CA28-663F-4CA7-BDD0-7AF4C0A5A34E}.Release|Any CPU.ActiveCfg = Release|Any CPU
		{9494CA28-663F-4CA7-BDD0-7AF4C0A5A34E}.Release|Any CPU.Build.0 = Release|Any CPU
		{7551FEDF-114C-4002-8BCF-2EE68988C9E9}.Debug|Any CPU.ActiveCfg = Debug|Any CPU
		{7551FEDF-114C-4002-8BCF-2EE68988C9E9}.Debug|Any CPU.Build.0 = Debug|Any CPU
		{7551FEDF-114C-4002-8BCF-2EE68988C9E9}.Release|Any CPU.ActiveCfg = Release|Any CPU
		{7551FEDF-114C-4002-8BCF-2EE68988C9E9}.Release|Any CPU.Build.0 = Release|Any CPU
		{91D8BC37-62DC-4842-A94F-DB7EAA5C9D96}.Debug|Any CPU.ActiveCfg = Debug|Any CPU
		{91D8BC37-62DC-4842-A94F-DB7EAA5C9D96}.Debug|Any CPU.Build.0 = Debug|Any CPU
		{91D8BC37-62DC-4842-A94F-DB7EAA5C9D96}.Release|Any CPU.ActiveCfg = Release|Any CPU
		{91D8BC37-62DC-4842-A94F-DB7EAA5C9D96}.Release|Any CPU.Build.0 = Release|Any CPU
		{551219D5-ADD7-49A3-BEAD-2C0A91D941C2}.Debug|Any CPU.ActiveCfg = Debug|Any CPU
		{551219D5-ADD7-49A3-BEAD-2C0A91D941C2}.Debug|Any CPU.Build.0 = Debug|Any CPU
		{551219D5-ADD7-49A3-BEAD-2C0A91D941C2}.Release|Any CPU.ActiveCfg = Release|Any CPU
		{551219D5-ADD7-49A3-BEAD-2C0A91D941C2}.Release|Any CPU.Build.0 = Release|Any CPU
		{80AC6BC7-BD43-49AD-A6A0-6DF3EB996278}.Debug|Any CPU.ActiveCfg = Debug|Any CPU
		{80AC6BC7-BD43-49AD-A6A0-6DF3EB996278}.Debug|Any CPU.Build.0 = Debug|Any CPU
		{80AC6BC7-BD43-49AD-A6A0-6DF3EB996278}.Release|Any CPU.ActiveCfg = Release|Any CPU
		{80AC6BC7-BD43-49AD-A6A0-6DF3EB996278}.Release|Any CPU.Build.0 = Release|Any CPU
		{EF5011D3-2163-4B17-A053-B4863C60E814}.Debug|Any CPU.ActiveCfg = Debug|Any CPU
		{EF5011D3-2163-4B17-A053-B4863C60E814}.Debug|Any CPU.Build.0 = Debug|Any CPU
		{EF5011D3-2163-4B17-A053-B4863C60E814}.Release|Any CPU.ActiveCfg = Release|Any CPU
		{EF5011D3-2163-4B17-A053-B4863C60E814}.Release|Any CPU.Build.0 = Release|Any CPU
		{1E6B3C8A-64F3-4D45-92DF-8F9C348E8010}.Debug|Any CPU.ActiveCfg = Debug|Any CPU
		{1E6B3C8A-64F3-4D45-92DF-8F9C348E8010}.Debug|Any CPU.Build.0 = Debug|Any CPU
		{1E6B3C8A-64F3-4D45-92DF-8F9C348E8010}.Debug|Any CPU.Deploy.0 = Debug|Any CPU
		{1E6B3C8A-64F3-4D45-92DF-8F9C348E8010}.Release|Any CPU.ActiveCfg = Release|Any CPU
		{1E6B3C8A-64F3-4D45-92DF-8F9C348E8010}.Release|Any CPU.Build.0 = Release|Any CPU
		{1E6B3C8A-64F3-4D45-92DF-8F9C348E8010}.Release|Any CPU.Deploy.0 = Release|Any CPU
		{08A1318D-7583-4062-A683-E28925DEE0ED}.Debug|Any CPU.ActiveCfg = Debug|Any CPU
		{08A1318D-7583-4062-A683-E28925DEE0ED}.Debug|Any CPU.Build.0 = Debug|Any CPU
		{08A1318D-7583-4062-A683-E28925DEE0ED}.Release|Any CPU.ActiveCfg = Release|Any CPU
		{08A1318D-7583-4062-A683-E28925DEE0ED}.Release|Any CPU.Build.0 = Release|Any CPU
	EndGlobalSection
	GlobalSection(SolutionProperties) = preSolution
		HideSolutionNode = FALSE
	EndGlobalSection
	GlobalSection(ExtensibilityGlobals) = postSolution
		SolutionGuid = {75828022-2EA1-4FF7-A854-415715677230}
	EndGlobalSection
EndGlobal
