
Microsoft Visual Studio Solution File, Format Version 12.00
# Visual Studio 15
Project("{FAE04EC0-301F-11D3-BF4B-00C04F79EFBC}") = "Assembly-CSharp", "Assembly-CSharp.csproj", "{5C5B9B35-BBB2-F872-AD22-97DB7C0383FE}"
EndProject
Project("{FAE04EC0-301F-11D3-BF4B-00C04F79EFBC}") = "Assembly-CSharp-Editor", "Assembly-CSharp-Editor.csproj", "{D036C149-B7CB-F9DA-5403-BFDC21A197A7}"
EndProject
Global
	GlobalSection(SolutionConfigurationPlatforms) = preSolution
		Debug|Any CPU = Debug|Any CPU
		Release|Any CPU = Release|Any CPU
	EndGlobalSection
	GlobalSection(ProjectConfigurationPlatforms) = postSolution
		{5C5B9B35-BBB2-F872-AD22-97DB7C0383FE}.Debug|Any CPU.ActiveCfg = Debug|Any CPU
		{5C5B9B35-BBB2-F872-AD22-97DB7C0383FE}.Debug|Any CPU.Build.0 = Debug|Any CPU
		{5C5B9B35-BBB2-F872-AD22-97DB7C0383FE}.Release|Any CPU.ActiveCfg = Release|Any CPU
		{5C5B9B35-BBB2-F872-AD22-97DB7C0383FE}.Release|Any CPU.Build.0 = Release|Any CPU
		{D036C149-B7CB-F9DA-5403-BFDC21A197A7}.Debug|Any CPU.ActiveCfg = Debug|Any CPU
		{D036C149-B7CB-F9DA-5403-BFDC21A197A7}.Debug|Any CPU.Build.0 = Debug|Any CPU
		{D036C149-B7CB-F9DA-5403-BFDC21A197A7}.Release|Any CPU.ActiveCfg = Release|Any CPU
		{D036C149-B7CB-F9DA-5403-BFDC21A197A7}.Release|Any CPU.Build.0 = Release|Any CPU
	EndGlobalSection
	GlobalSection(SolutionProperties) = preSolution
		HideSolutionNode = FALSE
	EndGlobalSection
EndGlobal
